
Microsoft Visual Studio Solution File, Format Version 12.00
# Visual Studio Version 16
VisualStudioVersion = 16.0.31702.278
MinimumVisualStudioVersion = 10.0.40219.1
Project("{FAE04EC0-301F-11D3-BF4B-00C04F79EFBC}") = "TRMDataManager", "TRMDataManager\TRMDataManager.csproj", "{DC4C0F33-2AEC-42DF-A0F0-F6D045E246B9}"
EndProject
Project("{00D1A9C2-B5F0-4AF3-8072-F6C62B433612}") = "TRMData", "TRMData\TRMData.sqlproj", "{6A8F220A-4515-46A5-A457-64DA8428BCFB}"
EndProject
Project("{FAE04EC0-301F-11D3-BF4B-00C04F79EFBC}") = "TRMDesktopUI", "TRMDesktopUI\TRMDesktopUI.csproj", "{493DB51B-52B6-443A-A6BC-349856F31C2C}"
EndProject
Project("{FAE04EC0-301F-11D3-BF4B-00C04F79EFBC}") = "TRMDataManager.Library", "TRMDataManager.Library\TRMDataManager.Library.csproj", "{A856ED06-0DD0-463F-92FC-5C8FC563D1E0}"
EndProject
Global
	GlobalSection(SolutionConfigurationPlatforms) = preSolution
		Debug|Any CPU = Debug|Any CPU
		Release|Any CPU = Release|Any CPU
	EndGlobalSection
	GlobalSection(ProjectConfigurationPlatforms) = postSolution
		{DC4C0F33-2AEC-42DF-A0F0-F6D045E246B9}.Debug|Any CPU.ActiveCfg = Debug|Any CPU
		{DC4C0F33-2AEC-42DF-A0F0-F6D045E246B9}.Debug|Any CPU.Build.0 = Debug|Any CPU
		{DC4C0F33-2AEC-42DF-A0F0-F6D045E246B9}.Release|Any CPU.ActiveCfg = Release|Any CPU
		{DC4C0F33-2AEC-42DF-A0F0-F6D045E246B9}.Release|Any CPU.Build.0 = Release|Any CPU
		{6A8F220A-4515-46A5-A457-64DA8428BCFB}.Debug|Any CPU.ActiveCfg = Debug|Any CPU
		{6A8F220A-4515-46A5-A457-64DA8428BCFB}.Debug|Any CPU.Build.0 = Debug|Any CPU
		{6A8F220A-4515-46A5-A457-64DA8428BCFB}.Debug|Any CPU.Deploy.0 = Debug|Any CPU
		{6A8F220A-4515-46A5-A457-64DA8428BCFB}.Release|Any CPU.ActiveCfg = Release|Any CPU
		{6A8F220A-4515-46A5-A457-64DA8428BCFB}.Release|Any CPU.Build.0 = Release|Any CPU
		{6A8F220A-4515-46A5-A457-64DA8428BCFB}.Release|Any CPU.Deploy.0 = Release|Any CPU
		{493DB51B-52B6-443A-A6BC-349856F31C2C}.Debug|Any CPU.ActiveCfg = Debug|Any CPU
		{493DB51B-52B6-443A-A6BC-349856F31C2C}.Debug|Any CPU.Build.0 = Debug|Any CPU
		{493DB51B-52B6-443A-A6BC-349856F31C2C}.Release|Any CPU.ActiveCfg = Release|Any CPU
		{493DB51B-52B6-443A-A6BC-349856F31C2C}.Release|Any CPU.Build.0 = Release|Any CPU
		{A856ED06-0DD0-463F-92FC-5C8FC563D1E0}.Debug|Any CPU.ActiveCfg = Debug|Any CPU
		{A856ED06-0DD0-463F-92FC-5C8FC563D1E0}.Debug|Any CPU.Build.0 = Debug|Any CPU
		{A856ED06-0DD0-463F-92FC-5C8FC563D1E0}.Release|Any CPU.ActiveCfg = Release|Any CPU
		{A856ED06-0DD0-463F-92FC-5C8FC563D1E0}.Release|Any CPU.Build.0 = Release|Any CPU
	EndGlobalSection
	GlobalSection(SolutionProperties) = preSolution
		HideSolutionNode = FALSE
	EndGlobalSection
	GlobalSection(ExtensibilityGlobals) = postSolution
		SolutionGuid = {18D90057-BE80-412B-9862-6BDC72F8B298}
	EndGlobalSection
EndGlobal
